
Microsoft Visual Studio Solution File, Format Version 12.00
# Visual Studio Version 17
VisualStudioVersion = 17.13.35828.75 d17.13
MinimumVisualStudioVersion = 10.0.40219.1
Project("{8BC9CEB8-8B4A-11D0-8D11-00A0C91BC942}") = "project1", "project1\project1.vcxproj", "{3BCCF8FF-92CB-4F2F-AEC1-F6E18BA51897}"
EndProject
Project("{8BC9CEB8-8B4A-11D0-8D11-00A0C91BC942}") = "Attempt", "Attempt\Attempt.vcxproj", "{6DA81D8A-E8C3-42F7-A7AA-4FA5C2D61A49}"
EndProject
Global
	GlobalSection(SolutionConfigurationPlatforms) = preSolution
		Debug|x64 = Debug|x64
		Debug|x86 = Debug|x86
		Release|x64 = Release|x64
		Release|x86 = Release|x86
	EndGlobalSection
	GlobalSection(ProjectConfigurationPlatforms) = postSolution
		{3BCCF8FF-92CB-4F2F-AEC1-F6E18BA51897}.Debug|x64.ActiveCfg = Debug|x64
		{3BCCF8FF-92CB-4F2F-AEC1-F6E18BA51897}.Debug|x64.Build.0 = Debug|x64
		{3BCCF8FF-92CB-4F2F-AEC1-F6E18BA51897}.Debug|x86.ActiveCfg = Debug|Win32
		{3BCCF8FF-92CB-4F2F-AEC1-F6E18BA51897}.Debug|x86.Build.0 = Debug|Win32
		{3BCCF8FF-92CB-4F2F-AEC1-F6E18BA51897}.Release|x64.ActiveCfg = Release|x64
		{3BCCF8FF-92CB-4F2F-AEC1-F6E18BA51897}.Release|x64.Build.0 = Release|x64
		{3BCCF8FF-92CB-4F2F-AEC1-F6E18BA51897}.Release|x86.ActiveCfg = Release|Win32
		{3BCCF8FF-92CB-4F2F-AEC1-F6E18BA51897}.Release|x86.Build.0 = Release|Win32
		{6DA81D8A-E8C3-42F7-A7AA-4FA5C2D61A49}.Debug|x64.ActiveCfg = Debug|x64
		{6DA81D8A-E8C3-42F7-A7AA-4FA5C2D61A49}.Debug|x64.Build.0 = Debug|x64
		{6DA81D8A-E8C3-42F7-A7AA-4FA5C2D61A49}.Debug|x86.ActiveCfg = Debug|Win32
		{6DA81D8A-E8C3-42F7-A7AA-4FA5C2D61A49}.Debug|x86.Build.0 = Debug|Win32
		{6DA81D8A-E8C3-42F7-A7AA-4FA5C2D61A49}.Release|x64.ActiveCfg = Release|x64
		{6DA81D8A-E8C3-42F7-A7AA-4FA5C2D61A49}.Release|x64.Build.0 = Release|x64
		{6DA81D8A-E8C3-42F7-A7AA-4FA5C2D61A49}.Release|x86.ActiveCfg = Release|Win32
		{6DA81D8A-E8C3-42F7-A7AA-4FA5C2D61A49}.Release|x86.Build.0 = Release|Win32
	EndGlobalSection
	GlobalSection(SolutionProperties) = preSolution
		HideSolutionNode = FALSE
	EndGlobalSection
	GlobalSection(ExtensibilityGlobals) = postSolution
		SolutionGuid = {0B445888-4808-4FA3-82C4-68B1D53013F0}
	EndGlobalSection
EndGlobal
