
Microsoft Visual Studio Solution File, Format Version 12.00
# Visual Studio Version 17
VisualStudioVersion = 17.13.35828.75
MinimumVisualStudioVersion = 10.0.40219.1
Project("{8BC9CEB8-8B4A-11D0-8D11-00A0C91BC942}") = "Project01---分数判断", "Project1\Project1.vcxproj", "{DF1D06B3-A7A0-46C1-8C07-38C0B88B3598}"
EndProject
Project("{8BC9CEB8-8B4A-11D0-8D11-00A0C91BC942}") = "Project02---递归函数重载", "Project2\Project2.vcxproj", "{9D5A6BC0-88E4-455D-AB43-9EC50C1EC22E}"
EndProject
Project("{8BC9CEB8-8B4A-11D0-8D11-00A0C91BC942}") = "Project03---字符串加密", "Project3\Project3.vcxproj", "{04F8BB3C-B9BC-41D8-A3A3-B7FF9099E25D}"
EndProject
Project("{8BC9CEB8-8B4A-11D0-8D11-00A0C91BC942}") = "Project04---输出日期", "Project4\Project4.vcxproj", "{AC8B33E0-B134-4D90-89E4-ACADD87CF737}"
EndProject
Project("{8BC9CEB8-8B4A-11D0-8D11-00A0C91BC942}") = "Project05---利用友元函数计算重量和", "Project5\Project5.vcxproj", "{1EA39932-5283-4942-BBA3-B8547E2C305D}"
EndProject
Project("{8BC9CEB8-8B4A-11D0-8D11-00A0C91BC942}") = "Project06---计算最小的N个数和", "Project6\Project6.vcxproj", "{144DAA9B-2169-4154-A390-DC9FF333DF8E}"
EndProject
Project("{8BC9CEB8-8B4A-11D0-8D11-00A0C91BC942}") = "Project07---字符串拼接", "Project7\Project7.vcxproj", "{882E99F9-C943-4FAE-9251-90FB965F40EE}"
EndProject
Project("{8BC9CEB8-8B4A-11D0-8D11-00A0C91BC942}") = "Project08---用指针进行矩阵转置", "Project8\Project8.vcxproj", "{BEFB532E-527D-470B-9FD5-63DAE384EDC2}"
EndProject
Project("{8BC9CEB8-8B4A-11D0-8D11-00A0C91BC942}") = "Project09---删除重复字符(unsigned char)", "Project9\Project9.vcxproj", "{822263F7-30C1-4DE9-88D6-5E34470D0EF8}"
EndProject
Project("{8BC9CEB8-8B4A-11D0-8D11-00A0C91BC942}") = "Project10---Circle类计算面积", "Project10\Project10.vcxproj", "{055C645C-253B-479C-ACE3-002025FB1B04}"
EndProject
Project("{8BC9CEB8-8B4A-11D0-8D11-00A0C91BC942}") = "Project11---Shape基类及派生类", "Project11\Project11.vcxproj", "{9F5A5F25-69E1-40DE-9451-D60D684AC69C}"
EndProject
Project("{8BC9CEB8-8B4A-11D0-8D11-00A0C91BC942}") = "Project12---链表操作", "Project12\Project12.vcxproj", "{6669BEAB-BE05-4E11-8719-147CE9DEC1C7}"
EndProject
Project("{8BC9CEB8-8B4A-11D0-8D11-00A0C91BC942}") = "Project13---学生成绩排序", "Project13\Project13.vcxproj", "{ECA2FA94-4426-4BEC-9B1A-7A7203B1490A}"
EndProject
Project("{8BC9CEB8-8B4A-11D0-8D11-00A0C91BC942}") = "Project14---出现次数最多的整数", "Project14\Project14.vcxproj", "{B3E1C525-4A72-4E81-BD20-C09032335BBC}"
EndProject
Project("{8BC9CEB8-8B4A-11D0-8D11-00A0C91BC942}") = "Project15---链表删除节点", "Project15\Project15.vcxproj", "{EC50B429-EF92-428B-A61D-B4A8456816DE}"
EndProject
Project("{8BC9CEB8-8B4A-11D0-8D11-00A0C91BC942}") = "Project16---循环报数问题", "Project16\Project16.vcxproj", "{130B9050-CC79-4014-98EA-726C8BD0BACA}"
EndProject
Project("{8BC9CEB8-8B4A-11D0-8D11-00A0C91BC942}") = "Project17---盛水问题", "Project17\Project17.vcxproj", "{05C17208-FAE5-4DB2-82E0-4C1610637DBD}"
EndProject
Project("{8BC9CEB8-8B4A-11D0-8D11-00A0C91BC942}") = "Project18---括号匹配问题", "Project18\Project18.vcxproj", "{5093CBD5-7FAB-4A2D-8D6F-20D69F64FDE5}"
EndProject
Project("{8BC9CEB8-8B4A-11D0-8D11-00A0C91BC942}") = "Project19---两个大数相乘(将字符转换为数)", "Project19\Project19.vcxproj", "{B8BF548C-2361-4781-A2E9-8D3000FF54A0}"
EndProject
Project("{8BC9CEB8-8B4A-11D0-8D11-00A0C91BC942}") = "Project20---绘制图形", "Project20\Project20.vcxproj", "{BD32703A-D26D-4539-8174-E025DA4ACD1E}"
EndProject
Project("{8BC9CEB8-8B4A-11D0-8D11-00A0C91BC942}") = "Project21---？格式化浮点数输出（文件操作）", "Project21\Project21.vcxproj", "{17A48AB6-A8B5-478E-BBDF-610BA9B157FF}"
EndProject
Project("{8BC9CEB8-8B4A-11D0-8D11-00A0C91BC942}") = "Project22---两组整数异或运算", "Project22\Project22.vcxproj", "{7F3AC19A-BE42-437C-ABFE-4B5EFE7135B6}"
EndProject
Project("{8BC9CEB8-8B4A-11D0-8D11-00A0C91BC942}") = "Project23---百万富翁换钱计划", "Project23\Project23.vcxproj", "{77D2C05D-8082-439E-BF9E-CFCD1A579375}"
EndProject
Project("{8BC9CEB8-8B4A-11D0-8D11-00A0C91BC942}") = "Project24---Taylor公式计算(1+x)^a", "Project24\Project24.vcxproj", "{BA0EF252-A8BB-4011-B5F3-BE6D596D880D}"
EndProject
Project("{8BC9CEB8-8B4A-11D0-8D11-00A0C91BC942}") = "Project25---文件加密(将字母转换为数字)", "Project25\Project25.vcxproj", "{120DBBAE-AFD5-487D-822F-381A9D621D27}"
EndProject
Project("{8BC9CEB8-8B4A-11D0-8D11-00A0C91BC942}") = "Project26---时间类Time的编写", "Project26\Project26.vcxproj", "{F4834664-2DA9-4A42-B36C-70B578C9196E}"
EndProject
Project("{8BC9CEB8-8B4A-11D0-8D11-00A0C91BC942}") = "Project27---单词排序（命令行参数）？", "Project27\Project27.vcxproj", "{7534B9B9-B8AB-4432-B3DE-3B42BCA2203A}"
EndProject
Project("{8BC9CEB8-8B4A-11D0-8D11-00A0C91BC942}") = "Project28---统计文件单词出现次数", "Project28\Project28.vcxproj", "{B39DABAE-713A-4C6D-BAA9-5FBC23B2E486}"
EndProject
Project("{8BC9CEB8-8B4A-11D0-8D11-00A0C91BC942}") = "Project29---整数加一（字符串操作）", "Project29\Project29.vcxproj", "{DDF197CA-EEA7-4804-BC68-7A0E548A8B73}"
EndProject
Project("{8BC9CEB8-8B4A-11D0-8D11-00A0C91BC942}") = "Project30---Employee类", "Project30\Project30.vcxproj", "{0AA65933-EC4B-441F-A6BA-A91CD33870BD}"
EndProject
Project("{8BC9CEB8-8B4A-11D0-8D11-00A0C91BC942}") = "Project31---学生信息排序", "Project31\Project31.vcxproj", "{31EF65ED-FB68-4594-8F54-3F9DBF39BC6B}"
EndProject
Project("{8BC9CEB8-8B4A-11D0-8D11-00A0C91BC942}") = "Project32---扩展字符（根据ASCII码值）", "Project32\Project32.vcxproj", "{28DCFEFE-4344-4139-87AE-B998AC9B673B}"
EndProject
Project("{8BC9CEB8-8B4A-11D0-8D11-00A0C91BC942}") = "Project33---复数类运算符重载", "Project33\Project33.vcxproj", "{7B35DB63-4C22-4F84-B9A5-27422C8EC5B0}"
EndProject
Project("{8BC9CEB8-8B4A-11D0-8D11-00A0C91BC942}") = "Project34---最大公约数最小公倍数", "Project34\Project34.vcxproj", "{D6D61556-E951-48BE-8C91-D7B12D054FC7}"
EndProject
Project("{8BC9CEB8-8B4A-11D0-8D11-00A0C91BC942}") = "Project35---求素数个数", "Project35\Project35.vcxproj", "{7694D2E6-D00B-4846-AA5B-318572D543B4}"
EndProject
Project("{8BC9CEB8-8B4A-11D0-8D11-00A0C91BC942}") = "Project08（1）m行n列矩阵", "Project08（1）m行n列矩阵\Project08（1）m行n列矩阵.vcxproj", "{774BC668-BB00-4928-9D75-4940AE2A3AB0}"
EndProject
Project("{8BC9CEB8-8B4A-11D0-8D11-00A0C91BC942}") = "Project11(1)---图形绘制系统（基类与派生类构造析构）", "Project11(1)---图形绘制系统（基类与派生类构造析构）\Project11(1)---图形绘制系统（基类与派生类构造析构）.vcxproj", "{7C749CF7-F4D6-4D28-ABE8-D8FCD17CA94E}"
EndProject
Project("{8BC9CEB8-8B4A-11D0-8D11-00A0C91BC942}") = "Project28(1)---在28的基础上统计单词数量", "Project28(1)---在28的基础上统计单词数量\Project28(1)---在28的基础上统计单词数量.vcxproj", "{189E53F9-5479-4E7D-8F61-7FCD24033D8D}"
EndProject
Project("{8BC9CEB8-8B4A-11D0-8D11-00A0C91BC942}") = "Project28(2)---仅仅统计单词出现次数", "Project28(2)---仅仅统计单词出现次数\Project28(2)---仅仅统计单词出现次数.vcxproj", "{C24931D7-8555-40C5-AEC5-125DCFEE595D}"
EndProject
Project("{8BC9CEB8-8B4A-11D0-8D11-00A0C91BC942}") = "Project36---完整的类系统设计", "Project36\Project36.vcxproj", "{AA7B51DD-2C1C-487D-A1FF-A48B1B184A32}"
EndProject
Project("{8BC9CEB8-8B4A-11D0-8D11-00A0C91BC942}") = "Project37---两数之和（双指针+排序）", "Project37\Project37.vcxproj", "{8B7E3A58-1B68-4ED3-AB28-E2D4C038941A}"
EndProject
Project("{8BC9CEB8-8B4A-11D0-8D11-00A0C91BC942}") = "Project38---爬楼梯问题", "Project38\Project38.vcxproj", "{296E3C16-51DA-4630-A834-376DA5F8344B}"
EndProject
Project("{8BC9CEB8-8B4A-11D0-8D11-00A0C91BC942}") = "Project39---(贪心)找零钱问题", "Project39\Project39.vcxproj", "{833C50C4-29EB-4C8A-88E9-ADF0C9D4EB9C}"
EndProject
Project("{8BC9CEB8-8B4A-11D0-8D11-00A0C91BC942}") = "Project40---(贪心)区间调度", "Project40\Project40.vcxproj", "{B89779D1-3E75-4B71-9AC9-70E4DBD3B76E}"
EndProject
Project("{8BC9CEB8-8B4A-11D0-8D11-00A0C91BC942}") = "Project08(2)---矩阵乘法", "Project8(2)---矩阵乘法\Project8(2)---矩阵乘法.vcxproj", "{D5FBEF47-C0D8-4130-9CDE-F99D7F0190B9}"
EndProject
Project("{8BC9CEB8-8B4A-11D0-8D11-00A0C91BC942}") = "Project41---(回溯)全排列", "Project41\Project41.vcxproj", "{A45D5D04-D483-47B6-85E3-FA185E83A9E9}"
EndProject
Project("{8BC9CEB8-8B4A-11D0-8D11-00A0C91BC942}") = "Project42---水仙花数", "Project42\Project42.vcxproj", "{0B942DDE-73B5-4DAD-AD6B-7E0E66B4004E}"
EndProject
Project("{8BC9CEB8-8B4A-11D0-8D11-00A0C91BC942}") = "Project43---选择排序+快速排序", "Project43\Project43.vcxproj", "{76244557-B410-47FB-B6E2-B4552FD4FDE8}"
EndProject
Project("{8BC9CEB8-8B4A-11D0-8D11-00A0C91BC942}") = "Project32（1）压缩、扩展、最长公共前缀", "Project32（1）压缩、扩展、最长公共前缀\Project32（1）压缩、扩展、最长公共前缀.vcxproj", "{EBD6B966-86FB-4FB7-B09B-6C21A5A11D9A}"
EndProject
Project("{8BC9CEB8-8B4A-11D0-8D11-00A0C91BC942}") = "Project19(1)---加法", "Project19（1）加法\Project19（1）加法.vcxproj", "{90E1B23C-17D4-441C-AFAD-6F4CB7515630}"
EndProject
Project("{8BC9CEB8-8B4A-11D0-8D11-00A0C91BC942}") = "Project19(2)---减法", "Project19(2)---减法\Project19(2)---减法.vcxproj", "{DEEAFEFC-8240-4B3F-8DB3-5EF671E95AAE}"
EndProject
Project("{8BC9CEB8-8B4A-11D0-8D11-00A0C91BC942}") = "Project19(3)---除法", "Project19(3)---大数除法\Project19(3)---大数除法.vcxproj", "{7139ED66-E93B-426A-9556-55BC4AA6DB17}"
EndProject
Project("{8BC9CEB8-8B4A-11D0-8D11-00A0C91BC942}") = "Attempt", "Attempt\Attempt.vcxproj", "{B15C028A-3F25-48F2-832D-420E5130E383}"
EndProject
Global
	GlobalSection(SolutionConfigurationPlatforms) = preSolution
		Debug|x64 = Debug|x64
		Debug|x86 = Debug|x86
		Release|x64 = Release|x64
		Release|x86 = Release|x86
	EndGlobalSection
	GlobalSection(ProjectConfigurationPlatforms) = postSolution
		{DF1D06B3-A7A0-46C1-8C07-38C0B88B3598}.Debug|x64.ActiveCfg = Debug|x64
		{DF1D06B3-A7A0-46C1-8C07-38C0B88B3598}.Debug|x64.Build.0 = Debug|x64
		{DF1D06B3-A7A0-46C1-8C07-38C0B88B3598}.Debug|x86.ActiveCfg = Debug|Win32
		{DF1D06B3-A7A0-46C1-8C07-38C0B88B3598}.Debug|x86.Build.0 = Debug|Win32
		{DF1D06B3-A7A0-46C1-8C07-38C0B88B3598}.Release|x64.ActiveCfg = Release|x64
		{DF1D06B3-A7A0-46C1-8C07-38C0B88B3598}.Release|x64.Build.0 = Release|x64
		{DF1D06B3-A7A0-46C1-8C07-38C0B88B3598}.Release|x86.ActiveCfg = Release|Win32
		{DF1D06B3-A7A0-46C1-8C07-38C0B88B3598}.Release|x86.Build.0 = Release|Win32
		{9D5A6BC0-88E4-455D-AB43-9EC50C1EC22E}.Debug|x64.ActiveCfg = Debug|x64
		{9D5A6BC0-88E4-455D-AB43-9EC50C1EC22E}.Debug|x64.Build.0 = Debug|x64
		{9D5A6BC0-88E4-455D-AB43-9EC50C1EC22E}.Debug|x86.ActiveCfg = Debug|Win32
		{9D5A6BC0-88E4-455D-AB43-9EC50C1EC22E}.Debug|x86.Build.0 = Debug|Win32
		{9D5A6BC0-88E4-455D-AB43-9EC50C1EC22E}.Release|x64.ActiveCfg = Release|x64
		{9D5A6BC0-88E4-455D-AB43-9EC50C1EC22E}.Release|x64.Build.0 = Release|x64
		{9D5A6BC0-88E4-455D-AB43-9EC50C1EC22E}.Release|x86.ActiveCfg = Release|Win32
		{9D5A6BC0-88E4-455D-AB43-9EC50C1EC22E}.Release|x86.Build.0 = Release|Win32
		{04F8BB3C-B9BC-41D8-A3A3-B7FF9099E25D}.Debug|x64.ActiveCfg = Debug|x64
		{04F8BB3C-B9BC-41D8-A3A3-B7FF9099E25D}.Debug|x64.Build.0 = Debug|x64
		{04F8BB3C-B9BC-41D8-A3A3-B7FF9099E25D}.Debug|x86.ActiveCfg = Debug|Win32
		{04F8BB3C-B9BC-41D8-A3A3-B7FF9099E25D}.Debug|x86.Build.0 = Debug|Win32
		{04F8BB3C-B9BC-41D8-A3A3-B7FF9099E25D}.Release|x64.ActiveCfg = Release|x64
		{04F8BB3C-B9BC-41D8-A3A3-B7FF9099E25D}.Release|x64.Build.0 = Release|x64
		{04F8BB3C-B9BC-41D8-A3A3-B7FF9099E25D}.Release|x86.ActiveCfg = Release|Win32
		{04F8BB3C-B9BC-41D8-A3A3-B7FF9099E25D}.Release|x86.Build.0 = Release|Win32
		{AC8B33E0-B134-4D90-89E4-ACADD87CF737}.Debug|x64.ActiveCfg = Debug|x64
		{AC8B33E0-B134-4D90-89E4-ACADD87CF737}.Debug|x64.Build.0 = Debug|x64
		{AC8B33E0-B134-4D90-89E4-ACADD87CF737}.Debug|x86.ActiveCfg = Debug|Win32
		{AC8B33E0-B134-4D90-89E4-ACADD87CF737}.Debug|x86.Build.0 = Debug|Win32
		{AC8B33E0-B134-4D90-89E4-ACADD87CF737}.Release|x64.ActiveCfg = Release|x64
		{AC8B33E0-B134-4D90-89E4-ACADD87CF737}.Release|x64.Build.0 = Release|x64
		{AC8B33E0-B134-4D90-89E4-ACADD87CF737}.Release|x86.ActiveCfg = Release|Win32
		{AC8B33E0-B134-4D90-89E4-ACADD87CF737}.Release|x86.Build.0 = Release|Win32
		{1EA39932-5283-4942-BBA3-B8547E2C305D}.Debug|x64.ActiveCfg = Debug|x64
		{1EA39932-5283-4942-BBA3-B8547E2C305D}.Debug|x64.Build.0 = Debug|x64
		{1EA39932-5283-4942-BBA3-B8547E2C305D}.Debug|x86.ActiveCfg = Debug|Win32
		{1EA39932-5283-4942-BBA3-B8547E2C305D}.Debug|x86.Build.0 = Debug|Win32
		{1EA39932-5283-4942-BBA3-B8547E2C305D}.Release|x64.ActiveCfg = Release|x64
		{1EA39932-5283-4942-BBA3-B8547E2C305D}.Release|x64.Build.0 = Release|x64
		{1EA39932-5283-4942-BBA3-B8547E2C305D}.Release|x86.ActiveCfg = Release|Win32
		{1EA39932-5283-4942-BBA3-B8547E2C305D}.Release|x86.Build.0 = Release|Win32
		{144DAA9B-2169-4154-A390-DC9FF333DF8E}.Debug|x64.ActiveCfg = Debug|x64
		{144DAA9B-2169-4154-A390-DC9FF333DF8E}.Debug|x64.Build.0 = Debug|x64
		{144DAA9B-2169-4154-A390-DC9FF333DF8E}.Debug|x86.ActiveCfg = Debug|Win32
		{144DAA9B-2169-4154-A390-DC9FF333DF8E}.Debug|x86.Build.0 = Debug|Win32
		{144DAA9B-2169-4154-A390-DC9FF333DF8E}.Release|x64.ActiveCfg = Release|x64
		{144DAA9B-2169-4154-A390-DC9FF333DF8E}.Release|x64.Build.0 = Release|x64
		{144DAA9B-2169-4154-A390-DC9FF333DF8E}.Release|x86.ActiveCfg = Release|Win32
		{144DAA9B-2169-4154-A390-DC9FF333DF8E}.Release|x86.Build.0 = Release|Win32
		{882E99F9-C943-4FAE-9251-90FB965F40EE}.Debug|x64.ActiveCfg = Debug|x64
		{882E99F9-C943-4FAE-9251-90FB965F40EE}.Debug|x64.Build.0 = Debug|x64
		{882E99F9-C943-4FAE-9251-90FB965F40EE}.Debug|x86.ActiveCfg = Debug|Win32
		{882E99F9-C943-4FAE-9251-90FB965F40EE}.Debug|x86.Build.0 = Debug|Win32
		{882E99F9-C943-4FAE-9251-90FB965F40EE}.Release|x64.ActiveCfg = Release|x64
		{882E99F9-C943-4FAE-9251-90FB965F40EE}.Release|x64.Build.0 = Release|x64
		{882E99F9-C943-4FAE-9251-90FB965F40EE}.Release|x86.ActiveCfg = Release|Win32
		{882E99F9-C943-4FAE-9251-90FB965F40EE}.Release|x86.Build.0 = Release|Win32
		{BEFB532E-527D-470B-9FD5-63DAE384EDC2}.Debug|x64.ActiveCfg = Debug|x64
		{BEFB532E-527D-470B-9FD5-63DAE384EDC2}.Debug|x64.Build.0 = Debug|x64
		{BEFB532E-527D-470B-9FD5-63DAE384EDC2}.Debug|x86.ActiveCfg = Debug|Win32
		{BEFB532E-527D-470B-9FD5-63DAE384EDC2}.Debug|x86.Build.0 = Debug|Win32
		{BEFB532E-527D-470B-9FD5-63DAE384EDC2}.Release|x64.ActiveCfg = Release|x64
		{BEFB532E-527D-470B-9FD5-63DAE384EDC2}.Release|x64.Build.0 = Release|x64
		{BEFB532E-527D-470B-9FD5-63DAE384EDC2}.Release|x86.ActiveCfg = Release|Win32
		{BEFB532E-527D-470B-9FD5-63DAE384EDC2}.Release|x86.Build.0 = Release|Win32
		{822263F7-30C1-4DE9-88D6-5E34470D0EF8}.Debug|x64.ActiveCfg = Debug|x64
		{822263F7-30C1-4DE9-88D6-5E34470D0EF8}.Debug|x64.Build.0 = Debug|x64
		{822263F7-30C1-4DE9-88D6-5E34470D0EF8}.Debug|x86.ActiveCfg = Debug|Win32
		{822263F7-30C1-4DE9-88D6-5E34470D0EF8}.Debug|x86.Build.0 = Debug|Win32
		{822263F7-30C1-4DE9-88D6-5E34470D0EF8}.Release|x64.ActiveCfg = Release|x64
		{822263F7-30C1-4DE9-88D6-5E34470D0EF8}.Release|x64.Build.0 = Release|x64
		{822263F7-30C1-4DE9-88D6-5E34470D0EF8}.Release|x86.ActiveCfg = Release|Win32
		{822263F7-30C1-4DE9-88D6-5E34470D0EF8}.Release|x86.Build.0 = Release|Win32
		{055C645C-253B-479C-ACE3-002025FB1B04}.Debug|x64.ActiveCfg = Debug|x64
		{055C645C-253B-479C-ACE3-002025FB1B04}.Debug|x64.Build.0 = Debug|x64
		{055C645C-253B-479C-ACE3-002025FB1B04}.Debug|x86.ActiveCfg = Debug|Win32
		{055C645C-253B-479C-ACE3-002025FB1B04}.Debug|x86.Build.0 = Debug|Win32
		{055C645C-253B-479C-ACE3-002025FB1B04}.Release|x64.ActiveCfg = Release|x64
		{055C645C-253B-479C-ACE3-002025FB1B04}.Release|x64.Build.0 = Release|x64
		{055C645C-253B-479C-ACE3-002025FB1B04}.Release|x86.ActiveCfg = Release|Win32
		{055C645C-253B-479C-ACE3-002025FB1B04}.Release|x86.Build.0 = Release|Win32
		{9F5A5F25-69E1-40DE-9451-D60D684AC69C}.Debug|x64.ActiveCfg = Debug|x64
		{9F5A5F25-69E1-40DE-9451-D60D684AC69C}.Debug|x64.Build.0 = Debug|x64
		{9F5A5F25-69E1-40DE-9451-D60D684AC69C}.Debug|x86.ActiveCfg = Debug|Win32
		{9F5A5F25-69E1-40DE-9451-D60D684AC69C}.Debug|x86.Build.0 = Debug|Win32
		{9F5A5F25-69E1-40DE-9451-D60D684AC69C}.Release|x64.ActiveCfg = Release|x64
		{9F5A5F25-69E1-40DE-9451-D60D684AC69C}.Release|x64.Build.0 = Release|x64
		{9F5A5F25-69E1-40DE-9451-D60D684AC69C}.Release|x86.ActiveCfg = Release|Win32
		{9F5A5F25-69E1-40DE-9451-D60D684AC69C}.Release|x86.Build.0 = Release|Win32
		{6669BEAB-BE05-4E11-8719-147CE9DEC1C7}.Debug|x64.ActiveCfg = Debug|x64
		{6669BEAB-BE05-4E11-8719-147CE9DEC1C7}.Debug|x64.Build.0 = Debug|x64
		{6669BEAB-BE05-4E11-8719-147CE9DEC1C7}.Debug|x86.ActiveCfg = Debug|Win32
		{6669BEAB-BE05-4E11-8719-147CE9DEC1C7}.Debug|x86.Build.0 = Debug|Win32
		{6669BEAB-BE05-4E11-8719-147CE9DEC1C7}.Release|x64.ActiveCfg = Release|x64
		{6669BEAB-BE05-4E11-8719-147CE9DEC1C7}.Release|x64.Build.0 = Release|x64
		{6669BEAB-BE05-4E11-8719-147CE9DEC1C7}.Release|x86.ActiveCfg = Release|Win32
		{6669BEAB-BE05-4E11-8719-147CE9DEC1C7}.Release|x86.Build.0 = Release|Win32
		{ECA2FA94-4426-4BEC-9B1A-7A7203B1490A}.Debug|x64.ActiveCfg = Debug|x64
		{ECA2FA94-4426-4BEC-9B1A-7A7203B1490A}.Debug|x64.Build.0 = Debug|x64
		{ECA2FA94-4426-4BEC-9B1A-7A7203B1490A}.Debug|x86.ActiveCfg = Debug|Win32
		{ECA2FA94-4426-4BEC-9B1A-7A7203B1490A}.Debug|x86.Build.0 = Debug|Win32
		{ECA2FA94-4426-4BEC-9B1A-7A7203B1490A}.Release|x64.ActiveCfg = Release|x64
		{ECA2FA94-4426-4BEC-9B1A-7A7203B1490A}.Release|x64.Build.0 = Release|x64
		{ECA2FA94-4426-4BEC-9B1A-7A7203B1490A}.Release|x86.ActiveCfg = Release|Win32
		{ECA2FA94-4426-4BEC-9B1A-7A7203B1490A}.Release|x86.Build.0 = Release|Win32
		{B3E1C525-4A72-4E81-BD20-C09032335BBC}.Debug|x64.ActiveCfg = Debug|x64
		{B3E1C525-4A72-4E81-BD20-C09032335BBC}.Debug|x64.Build.0 = Debug|x64
		{B3E1C525-4A72-4E81-BD20-C09032335BBC}.Debug|x86.ActiveCfg = Debug|Win32
		{B3E1C525-4A72-4E81-BD20-C09032335BBC}.Debug|x86.Build.0 = Debug|Win32
		{B3E1C525-4A72-4E81-BD20-C09032335BBC}.Release|x64.ActiveCfg = Release|x64
		{B3E1C525-4A72-4E81-BD20-C09032335BBC}.Release|x64.Build.0 = Release|x64
		{B3E1C525-4A72-4E81-BD20-C09032335BBC}.Release|x86.ActiveCfg = Release|Win32
		{B3E1C525-4A72-4E81-BD20-C09032335BBC}.Release|x86.Build.0 = Release|Win32
		{EC50B429-EF92-428B-A61D-B4A8456816DE}.Debug|x64.ActiveCfg = Debug|x64
		{EC50B429-EF92-428B-A61D-B4A8456816DE}.Debug|x64.Build.0 = Debug|x64
		{EC50B429-EF92-428B-A61D-B4A8456816DE}.Debug|x86.ActiveCfg = Debug|Win32
		{EC50B429-EF92-428B-A61D-B4A8456816DE}.Debug|x86.Build.0 = Debug|Win32
		{EC50B429-EF92-428B-A61D-B4A8456816DE}.Release|x64.ActiveCfg = Release|x64
		{EC50B429-EF92-428B-A61D-B4A8456816DE}.Release|x64.Build.0 = Release|x64
		{EC50B429-EF92-428B-A61D-B4A8456816DE}.Release|x86.ActiveCfg = Release|Win32
		{EC50B429-EF92-428B-A61D-B4A8456816DE}.Release|x86.Build.0 = Release|Win32
		{130B9050-CC79-4014-98EA-726C8BD0BACA}.Debug|x64.ActiveCfg = Debug|x64
		{130B9050-CC79-4014-98EA-726C8BD0BACA}.Debug|x64.Build.0 = Debug|x64
		{130B9050-CC79-4014-98EA-726C8BD0BACA}.Debug|x86.ActiveCfg = Debug|Win32
		{130B9050-CC79-4014-98EA-726C8BD0BACA}.Debug|x86.Build.0 = Debug|Win32
		{130B9050-CC79-4014-98EA-726C8BD0BACA}.Release|x64.ActiveCfg = Release|x64
		{130B9050-CC79-4014-98EA-726C8BD0BACA}.Release|x64.Build.0 = Release|x64
		{130B9050-CC79-4014-98EA-726C8BD0BACA}.Release|x86.ActiveCfg = Release|Win32
		{130B9050-CC79-4014-98EA-726C8BD0BACA}.Release|x86.Build.0 = Release|Win32
		{05C17208-FAE5-4DB2-82E0-4C1610637DBD}.Debug|x64.ActiveCfg = Debug|x64
		{05C17208-FAE5-4DB2-82E0-4C1610637DBD}.Debug|x64.Build.0 = Debug|x64
		{05C17208-FAE5-4DB2-82E0-4C1610637DBD}.Debug|x86.ActiveCfg = Debug|Win32
		{05C17208-FAE5-4DB2-82E0-4C1610637DBD}.Debug|x86.Build.0 = Debug|Win32
		{05C17208-FAE5-4DB2-82E0-4C1610637DBD}.Release|x64.ActiveCfg = Release|x64
		{05C17208-FAE5-4DB2-82E0-4C1610637DBD}.Release|x64.Build.0 = Release|x64
		{05C17208-FAE5-4DB2-82E0-4C1610637DBD}.Release|x86.ActiveCfg = Release|Win32
		{05C17208-FAE5-4DB2-82E0-4C1610637DBD}.Release|x86.Build.0 = Release|Win32
		{5093CBD5-7FAB-4A2D-8D6F-20D69F64FDE5}.Debug|x64.ActiveCfg = Debug|x64
		{5093CBD5-7FAB-4A2D-8D6F-20D69F64FDE5}.Debug|x64.Build.0 = Debug|x64
		{5093CBD5-7FAB-4A2D-8D6F-20D69F64FDE5}.Debug|x86.ActiveCfg = Debug|Win32
		{5093CBD5-7FAB-4A2D-8D6F-20D69F64FDE5}.Debug|x86.Build.0 = Debug|Win32
		{5093CBD5-7FAB-4A2D-8D6F-20D69F64FDE5}.Release|x64.ActiveCfg = Release|x64
		{5093CBD5-7FAB-4A2D-8D6F-20D69F64FDE5}.Release|x64.Build.0 = Release|x64
		{5093CBD5-7FAB-4A2D-8D6F-20D69F64FDE5}.Release|x86.ActiveCfg = Release|Win32
		{5093CBD5-7FAB-4A2D-8D6F-20D69F64FDE5}.Release|x86.Build.0 = Release|Win32
		{B8BF548C-2361-4781-A2E9-8D3000FF54A0}.Debug|x64.ActiveCfg = Debug|x64
		{B8BF548C-2361-4781-A2E9-8D3000FF54A0}.Debug|x64.Build.0 = Debug|x64
		{B8BF548C-2361-4781-A2E9-8D3000FF54A0}.Debug|x86.ActiveCfg = Debug|Win32
		{B8BF548C-2361-4781-A2E9-8D3000FF54A0}.Debug|x86.Build.0 = Debug|Win32
		{B8BF548C-2361-4781-A2E9-8D3000FF54A0}.Release|x64.ActiveCfg = Release|x64
		{B8BF548C-2361-4781-A2E9-8D3000FF54A0}.Release|x64.Build.0 = Release|x64
		{B8BF548C-2361-4781-A2E9-8D3000FF54A0}.Release|x86.ActiveCfg = Release|Win32
		{B8BF548C-2361-4781-A2E9-8D3000FF54A0}.Release|x86.Build.0 = Release|Win32
		{BD32703A-D26D-4539-8174-E025DA4ACD1E}.Debug|x64.ActiveCfg = Debug|x64
		{BD32703A-D26D-4539-8174-E025DA4ACD1E}.Debug|x64.Build.0 = Debug|x64
		{BD32703A-D26D-4539-8174-E025DA4ACD1E}.Debug|x86.ActiveCfg = Debug|Win32
		{BD32703A-D26D-4539-8174-E025DA4ACD1E}.Debug|x86.Build.0 = Debug|Win32
		{BD32703A-D26D-4539-8174-E025DA4ACD1E}.Release|x64.ActiveCfg = Release|x64
		{BD32703A-D26D-4539-8174-E025DA4ACD1E}.Release|x64.Build.0 = Release|x64
		{BD32703A-D26D-4539-8174-E025DA4ACD1E}.Release|x86.ActiveCfg = Release|Win32
		{BD32703A-D26D-4539-8174-E025DA4ACD1E}.Release|x86.Build.0 = Release|Win32
		{17A48AB6-A8B5-478E-BBDF-610BA9B157FF}.Debug|x64.ActiveCfg = Debug|x64
		{17A48AB6-A8B5-478E-BBDF-610BA9B157FF}.Debug|x64.Build.0 = Debug|x64
		{17A48AB6-A8B5-478E-BBDF-610BA9B157FF}.Debug|x86.ActiveCfg = Debug|Win32
		{17A48AB6-A8B5-478E-BBDF-610BA9B157FF}.Debug|x86.Build.0 = Debug|Win32
		{17A48AB6-A8B5-478E-BBDF-610BA9B157FF}.Release|x64.ActiveCfg = Release|x64
		{17A48AB6-A8B5-478E-BBDF-610BA9B157FF}.Release|x64.Build.0 = Release|x64
		{17A48AB6-A8B5-478E-BBDF-610BA9B157FF}.Release|x86.ActiveCfg = Release|Win32
		{17A48AB6-A8B5-478E-BBDF-610BA9B157FF}.Release|x86.Build.0 = Release|Win32
		{7F3AC19A-BE42-437C-ABFE-4B5EFE7135B6}.Debug|x64.ActiveCfg = Debug|x64
		{7F3AC19A-BE42-437C-ABFE-4B5EFE7135B6}.Debug|x64.Build.0 = Debug|x64
		{7F3AC19A-BE42-437C-ABFE-4B5EFE7135B6}.Debug|x86.ActiveCfg = Debug|Win32
		{7F3AC19A-BE42-437C-ABFE-4B5EFE7135B6}.Debug|x86.Build.0 = Debug|Win32
		{7F3AC19A-BE42-437C-ABFE-4B5EFE7135B6}.Release|x64.ActiveCfg = Release|x64
		{7F3AC19A-BE42-437C-ABFE-4B5EFE7135B6}.Release|x64.Build.0 = Release|x64
		{7F3AC19A-BE42-437C-ABFE-4B5EFE7135B6}.Release|x86.ActiveCfg = Release|Win32
		{7F3AC19A-BE42-437C-ABFE-4B5EFE7135B6}.Release|x86.Build.0 = Release|Win32
		{77D2C05D-8082-439E-BF9E-CFCD1A579375}.Debug|x64.ActiveCfg = Debug|x64
		{77D2C05D-8082-439E-BF9E-CFCD1A579375}.Debug|x64.Build.0 = Debug|x64
		{77D2C05D-8082-439E-BF9E-CFCD1A579375}.Debug|x86.ActiveCfg = Debug|Win32
		{77D2C05D-8082-439E-BF9E-CFCD1A579375}.Debug|x86.Build.0 = Debug|Win32
		{77D2C05D-8082-439E-BF9E-CFCD1A579375}.Release|x64.ActiveCfg = Release|x64
		{77D2C05D-8082-439E-BF9E-CFCD1A579375}.Release|x64.Build.0 = Release|x64
		{77D2C05D-8082-439E-BF9E-CFCD1A579375}.Release|x86.ActiveCfg = Release|Win32
		{77D2C05D-8082-439E-BF9E-CFCD1A579375}.Release|x86.Build.0 = Release|Win32
		{BA0EF252-A8BB-4011-B5F3-BE6D596D880D}.Debug|x64.ActiveCfg = Debug|x64
		{BA0EF252-A8BB-4011-B5F3-BE6D596D880D}.Debug|x64.Build.0 = Debug|x64
		{BA0EF252-A8BB-4011-B5F3-BE6D596D880D}.Debug|x86.ActiveCfg = Debug|Win32
		{BA0EF252-A8BB-4011-B5F3-BE6D596D880D}.Debug|x86.Build.0 = Debug|Win32
		{BA0EF252-A8BB-4011-B5F3-BE6D596D880D}.Release|x64.ActiveCfg = Release|x64
		{BA0EF252-A8BB-4011-B5F3-BE6D596D880D}.Release|x64.Build.0 = Release|x64
		{BA0EF252-A8BB-4011-B5F3-BE6D596D880D}.Release|x86.ActiveCfg = Release|Win32
		{BA0EF252-A8BB-4011-B5F3-BE6D596D880D}.Release|x86.Build.0 = Release|Win32
		{120DBBAE-AFD5-487D-822F-381A9D621D27}.Debug|x64.ActiveCfg = Debug|x64
		{120DBBAE-AFD5-487D-822F-381A9D621D27}.Debug|x64.Build.0 = Debug|x64
		{120DBBAE-AFD5-487D-822F-381A9D621D27}.Debug|x86.ActiveCfg = Debug|Win32
		{120DBBAE-AFD5-487D-822F-381A9D621D27}.Debug|x86.Build.0 = Debug|Win32
		{120DBBAE-AFD5-487D-822F-381A9D621D27}.Release|x64.ActiveCfg = Release|x64
		{120DBBAE-AFD5-487D-822F-381A9D621D27}.Release|x64.Build.0 = Release|x64
		{120DBBAE-AFD5-487D-822F-381A9D621D27}.Release|x86.ActiveCfg = Release|Win32
		{120DBBAE-AFD5-487D-822F-381A9D621D27}.Release|x86.Build.0 = Release|Win32
		{F4834664-2DA9-4A42-B36C-70B578C9196E}.Debug|x64.ActiveCfg = Debug|x64
		{F4834664-2DA9-4A42-B36C-70B578C9196E}.Debug|x64.Build.0 = Debug|x64
		{F4834664-2DA9-4A42-B36C-70B578C9196E}.Debug|x86.ActiveCfg = Debug|Win32
		{F4834664-2DA9-4A42-B36C-70B578C9196E}.Debug|x86.Build.0 = Debug|Win32
		{F4834664-2DA9-4A42-B36C-70B578C9196E}.Release|x64.ActiveCfg = Release|x64
		{F4834664-2DA9-4A42-B36C-70B578C9196E}.Release|x64.Build.0 = Release|x64
		{F4834664-2DA9-4A42-B36C-70B578C9196E}.Release|x86.ActiveCfg = Release|Win32
		{F4834664-2DA9-4A42-B36C-70B578C9196E}.Release|x86.Build.0 = Release|Win32
		{7534B9B9-B8AB-4432-B3DE-3B42BCA2203A}.Debug|x64.ActiveCfg = Debug|x64
		{7534B9B9-B8AB-4432-B3DE-3B42BCA2203A}.Debug|x64.Build.0 = Debug|x64
		{7534B9B9-B8AB-4432-B3DE-3B42BCA2203A}.Debug|x86.ActiveCfg = Debug|Win32
		{7534B9B9-B8AB-4432-B3DE-3B42BCA2203A}.Debug|x86.Build.0 = Debug|Win32
		{7534B9B9-B8AB-4432-B3DE-3B42BCA2203A}.Release|x64.ActiveCfg = Release|x64
		{7534B9B9-B8AB-4432-B3DE-3B42BCA2203A}.Release|x64.Build.0 = Release|x64
		{7534B9B9-B8AB-4432-B3DE-3B42BCA2203A}.Release|x86.ActiveCfg = Release|Win32
		{7534B9B9-B8AB-4432-B3DE-3B42BCA2203A}.Release|x86.Build.0 = Release|Win32
		{B39DABAE-713A-4C6D-BAA9-5FBC23B2E486}.Debug|x64.ActiveCfg = Debug|x64
		{B39DABAE-713A-4C6D-BAA9-5FBC23B2E486}.Debug|x64.Build.0 = Debug|x64
		{B39DABAE-713A-4C6D-BAA9-5FBC23B2E486}.Debug|x86.ActiveCfg = Debug|Win32
		{B39DABAE-713A-4C6D-BAA9-5FBC23B2E486}.Debug|x86.Build.0 = Debug|Win32
		{B39DABAE-713A-4C6D-BAA9-5FBC23B2E486}.Release|x64.ActiveCfg = Release|x64
		{B39DABAE-713A-4C6D-BAA9-5FBC23B2E486}.Release|x64.Build.0 = Release|x64
		{B39DABAE-713A-4C6D-BAA9-5FBC23B2E486}.Release|x86.ActiveCfg = Release|Win32
		{B39DABAE-713A-4C6D-BAA9-5FBC23B2E486}.Release|x86.Build.0 = Release|Win32
		{DDF197CA-EEA7-4804-BC68-7A0E548A8B73}.Debug|x64.ActiveCfg = Debug|x64
		{DDF197CA-EEA7-4804-BC68-7A0E548A8B73}.Debug|x64.Build.0 = Debug|x64
		{DDF197CA-EEA7-4804-BC68-7A0E548A8B73}.Debug|x86.ActiveCfg = Debug|Win32
		{DDF197CA-EEA7-4804-BC68-7A0E548A8B73}.Debug|x86.Build.0 = Debug|Win32
		{DDF197CA-EEA7-4804-BC68-7A0E548A8B73}.Release|x64.ActiveCfg = Release|x64
		{DDF197CA-EEA7-4804-BC68-7A0E548A8B73}.Release|x64.Build.0 = Release|x64
		{DDF197CA-EEA7-4804-BC68-7A0E548A8B73}.Release|x86.ActiveCfg = Release|Win32
		{DDF197CA-EEA7-4804-BC68-7A0E548A8B73}.Release|x86.Build.0 = Release|Win32
		{0AA65933-EC4B-441F-A6BA-A91CD33870BD}.Debug|x64.ActiveCfg = Debug|x64
		{0AA65933-EC4B-441F-A6BA-A91CD33870BD}.Debug|x64.Build.0 = Debug|x64
		{0AA65933-EC4B-441F-A6BA-A91CD33870BD}.Debug|x86.ActiveCfg = Debug|Win32
		{0AA65933-EC4B-441F-A6BA-A91CD33870BD}.Debug|x86.Build.0 = Debug|Win32
		{0AA65933-EC4B-441F-A6BA-A91CD33870BD}.Release|x64.ActiveCfg = Release|x64
		{0AA65933-EC4B-441F-A6BA-A91CD33870BD}.Release|x64.Build.0 = Release|x64
		{0AA65933-EC4B-441F-A6BA-A91CD33870BD}.Release|x86.ActiveCfg = Release|Win32
		{0AA65933-EC4B-441F-A6BA-A91CD33870BD}.Release|x86.Build.0 = Release|Win32
		{31EF65ED-FB68-4594-8F54-3F9DBF39BC6B}.Debug|x64.ActiveCfg = Debug|x64
		{31EF65ED-FB68-4594-8F54-3F9DBF39BC6B}.Debug|x64.Build.0 = Debug|x64
		{31EF65ED-FB68-4594-8F54-3F9DBF39BC6B}.Debug|x86.ActiveCfg = Debug|Win32
		{31EF65ED-FB68-4594-8F54-3F9DBF39BC6B}.Debug|x86.Build.0 = Debug|Win32
		{31EF65ED-FB68-4594-8F54-3F9DBF39BC6B}.Release|x64.ActiveCfg = Release|x64
		{31EF65ED-FB68-4594-8F54-3F9DBF39BC6B}.Release|x64.Build.0 = Release|x64
		{31EF65ED-FB68-4594-8F54-3F9DBF39BC6B}.Release|x86.ActiveCfg = Release|Win32
		{31EF65ED-FB68-4594-8F54-3F9DBF39BC6B}.Release|x86.Build.0 = Release|Win32
		{28DCFEFE-4344-4139-87AE-B998AC9B673B}.Debug|x64.ActiveCfg = Debug|x64
		{28DCFEFE-4344-4139-87AE-B998AC9B673B}.Debug|x64.Build.0 = Debug|x64
		{28DCFEFE-4344-4139-87AE-B998AC9B673B}.Debug|x86.ActiveCfg = Debug|Win32
		{28DCFEFE-4344-4139-87AE-B998AC9B673B}.Debug|x86.Build.0 = Debug|Win32
		{28DCFEFE-4344-4139-87AE-B998AC9B673B}.Release|x64.ActiveCfg = Release|x64
		{28DCFEFE-4344-4139-87AE-B998AC9B673B}.Release|x64.Build.0 = Release|x64
		{28DCFEFE-4344-4139-87AE-B998AC9B673B}.Release|x86.ActiveCfg = Release|Win32
		{28DCFEFE-4344-4139-87AE-B998AC9B673B}.Release|x86.Build.0 = Release|Win32
		{7B35DB63-4C22-4F84-B9A5-27422C8EC5B0}.Debug|x64.ActiveCfg = Debug|x64
		{7B35DB63-4C22-4F84-B9A5-27422C8EC5B0}.Debug|x64.Build.0 = Debug|x64
		{7B35DB63-4C22-4F84-B9A5-27422C8EC5B0}.Debug|x86.ActiveCfg = Debug|Win32
		{7B35DB63-4C22-4F84-B9A5-27422C8EC5B0}.Debug|x86.Build.0 = Debug|Win32
		{7B35DB63-4C22-4F84-B9A5-27422C8EC5B0}.Release|x64.ActiveCfg = Release|x64
		{7B35DB63-4C22-4F84-B9A5-27422C8EC5B0}.Release|x64.Build.0 = Release|x64
		{7B35DB63-4C22-4F84-B9A5-27422C8EC5B0}.Release|x86.ActiveCfg = Release|Win32
		{7B35DB63-4C22-4F84-B9A5-27422C8EC5B0}.Release|x86.Build.0 = Release|Win32
		{D6D61556-E951-48BE-8C91-D7B12D054FC7}.Debug|x64.ActiveCfg = Debug|x64
		{D6D61556-E951-48BE-8C91-D7B12D054FC7}.Debug|x64.Build.0 = Debug|x64
		{D6D61556-E951-48BE-8C91-D7B12D054FC7}.Debug|x86.ActiveCfg = Debug|Win32
		{D6D61556-E951-48BE-8C91-D7B12D054FC7}.Debug|x86.Build.0 = Debug|Win32
		{D6D61556-E951-48BE-8C91-D7B12D054FC7}.Release|x64.ActiveCfg = Release|x64
		{D6D61556-E951-48BE-8C91-D7B12D054FC7}.Release|x64.Build.0 = Release|x64
		{D6D61556-E951-48BE-8C91-D7B12D054FC7}.Release|x86.ActiveCfg = Release|Win32
		{D6D61556-E951-48BE-8C91-D7B12D054FC7}.Release|x86.Build.0 = Release|Win32
		{7694D2E6-D00B-4846-AA5B-318572D543B4}.Debug|x64.ActiveCfg = Debug|x64
		{7694D2E6-D00B-4846-AA5B-318572D543B4}.Debug|x64.Build.0 = Debug|x64
		{7694D2E6-D00B-4846-AA5B-318572D543B4}.Debug|x86.ActiveCfg = Debug|Win32
		{7694D2E6-D00B-4846-AA5B-318572D543B4}.Debug|x86.Build.0 = Debug|Win32
		{7694D2E6-D00B-4846-AA5B-318572D543B4}.Release|x64.ActiveCfg = Release|x64
		{7694D2E6-D00B-4846-AA5B-318572D543B4}.Release|x64.Build.0 = Release|x64
		{7694D2E6-D00B-4846-AA5B-318572D543B4}.Release|x86.ActiveCfg = Release|Win32
		{7694D2E6-D00B-4846-AA5B-318572D543B4}.Release|x86.Build.0 = Release|Win32
		{774BC668-BB00-4928-9D75-4940AE2A3AB0}.Debug|x64.ActiveCfg = Debug|x64
		{774BC668-BB00-4928-9D75-4940AE2A3AB0}.Debug|x64.Build.0 = Debug|x64
		{774BC668-BB00-4928-9D75-4940AE2A3AB0}.Debug|x86.ActiveCfg = Debug|Win32
		{774BC668-BB00-4928-9D75-4940AE2A3AB0}.Debug|x86.Build.0 = Debug|Win32
		{774BC668-BB00-4928-9D75-4940AE2A3AB0}.Release|x64.ActiveCfg = Release|x64
		{774BC668-BB00-4928-9D75-4940AE2A3AB0}.Release|x64.Build.0 = Release|x64
		{774BC668-BB00-4928-9D75-4940AE2A3AB0}.Release|x86.ActiveCfg = Release|Win32
		{774BC668-BB00-4928-9D75-4940AE2A3AB0}.Release|x86.Build.0 = Release|Win32
		{7C749CF7-F4D6-4D28-ABE8-D8FCD17CA94E}.Debug|x64.ActiveCfg = Debug|x64
		{7C749CF7-F4D6-4D28-ABE8-D8FCD17CA94E}.Debug|x64.Build.0 = Debug|x64
		{7C749CF7-F4D6-4D28-ABE8-D8FCD17CA94E}.Debug|x86.ActiveCfg = Debug|Win32
		{7C749CF7-F4D6-4D28-ABE8-D8FCD17CA94E}.Debug|x86.Build.0 = Debug|Win32
		{7C749CF7-F4D6-4D28-ABE8-D8FCD17CA94E}.Release|x64.ActiveCfg = Release|x64
		{7C749CF7-F4D6-4D28-ABE8-D8FCD17CA94E}.Release|x64.Build.0 = Release|x64
		{7C749CF7-F4D6-4D28-ABE8-D8FCD17CA94E}.Release|x86.ActiveCfg = Release|Win32
		{7C749CF7-F4D6-4D28-ABE8-D8FCD17CA94E}.Release|x86.Build.0 = Release|Win32
		{189E53F9-5479-4E7D-8F61-7FCD24033D8D}.Debug|x64.ActiveCfg = Debug|x64
		{189E53F9-5479-4E7D-8F61-7FCD24033D8D}.Debug|x64.Build.0 = Debug|x64
		{189E53F9-5479-4E7D-8F61-7FCD24033D8D}.Debug|x86.ActiveCfg = Debug|Win32
		{189E53F9-5479-4E7D-8F61-7FCD24033D8D}.Debug|x86.Build.0 = Debug|Win32
		{189E53F9-5479-4E7D-8F61-7FCD24033D8D}.Release|x64.ActiveCfg = Release|x64
		{189E53F9-5479-4E7D-8F61-7FCD24033D8D}.Release|x64.Build.0 = Release|x64
		{189E53F9-5479-4E7D-8F61-7FCD24033D8D}.Release|x86.ActiveCfg = Release|Win32
		{189E53F9-5479-4E7D-8F61-7FCD24033D8D}.Release|x86.Build.0 = Release|Win32
		{C24931D7-8555-40C5-AEC5-125DCFEE595D}.Debug|x64.ActiveCfg = Debug|x64
		{C24931D7-8555-40C5-AEC5-125DCFEE595D}.Debug|x64.Build.0 = Debug|x64
		{C24931D7-8555-40C5-AEC5-125DCFEE595D}.Debug|x86.ActiveCfg = Debug|Win32
		{C24931D7-8555-40C5-AEC5-125DCFEE595D}.Debug|x86.Build.0 = Debug|Win32
		{C24931D7-8555-40C5-AEC5-125DCFEE595D}.Release|x64.ActiveCfg = Release|x64
		{C24931D7-8555-40C5-AEC5-125DCFEE595D}.Release|x64.Build.0 = Release|x64
		{C24931D7-8555-40C5-AEC5-125DCFEE595D}.Release|x86.ActiveCfg = Release|Win32
		{C24931D7-8555-40C5-AEC5-125DCFEE595D}.Release|x86.Build.0 = Release|Win32
		{AA7B51DD-2C1C-487D-A1FF-A48B1B184A32}.Debug|x64.ActiveCfg = Debug|x64
		{AA7B51DD-2C1C-487D-A1FF-A48B1B184A32}.Debug|x64.Build.0 = Debug|x64
		{AA7B51DD-2C1C-487D-A1FF-A48B1B184A32}.Debug|x86.ActiveCfg = Debug|Win32
		{AA7B51DD-2C1C-487D-A1FF-A48B1B184A32}.Debug|x86.Build.0 = Debug|Win32
		{AA7B51DD-2C1C-487D-A1FF-A48B1B184A32}.Release|x64.ActiveCfg = Release|x64
		{AA7B51DD-2C1C-487D-A1FF-A48B1B184A32}.Release|x64.Build.0 = Release|x64
		{AA7B51DD-2C1C-487D-A1FF-A48B1B184A32}.Release|x86.ActiveCfg = Release|Win32
		{AA7B51DD-2C1C-487D-A1FF-A48B1B184A32}.Release|x86.Build.0 = Release|Win32
		{8B7E3A58-1B68-4ED3-AB28-E2D4C038941A}.Debug|x64.ActiveCfg = Debug|x64
		{8B7E3A58-1B68-4ED3-AB28-E2D4C038941A}.Debug|x64.Build.0 = Debug|x64
		{8B7E3A58-1B68-4ED3-AB28-E2D4C038941A}.Debug|x86.ActiveCfg = Debug|Win32
		{8B7E3A58-1B68-4ED3-AB28-E2D4C038941A}.Debug|x86.Build.0 = Debug|Win32
		{8B7E3A58-1B68-4ED3-AB28-E2D4C038941A}.Release|x64.ActiveCfg = Release|x64
		{8B7E3A58-1B68-4ED3-AB28-E2D4C038941A}.Release|x64.Build.0 = Release|x64
		{8B7E3A58-1B68-4ED3-AB28-E2D4C038941A}.Release|x86.ActiveCfg = Release|Win32
		{8B7E3A58-1B68-4ED3-AB28-E2D4C038941A}.Release|x86.Build.0 = Release|Win32
		{296E3C16-51DA-4630-A834-376DA5F8344B}.Debug|x64.ActiveCfg = Debug|x64
		{296E3C16-51DA-4630-A834-376DA5F8344B}.Debug|x64.Build.0 = Debug|x64
		{296E3C16-51DA-4630-A834-376DA5F8344B}.Debug|x86.ActiveCfg = Debug|Win32
		{296E3C16-51DA-4630-A834-376DA5F8344B}.Debug|x86.Build.0 = Debug|Win32
		{296E3C16-51DA-4630-A834-376DA5F8344B}.Release|x64.ActiveCfg = Release|x64
		{296E3C16-51DA-4630-A834-376DA5F8344B}.Release|x64.Build.0 = Release|x64
		{296E3C16-51DA-4630-A834-376DA5F8344B}.Release|x86.ActiveCfg = Release|Win32
		{296E3C16-51DA-4630-A834-376DA5F8344B}.Release|x86.Build.0 = Release|Win32
		{833C50C4-29EB-4C8A-88E9-ADF0C9D4EB9C}.Debug|x64.ActiveCfg = Debug|x64
		{833C50C4-29EB-4C8A-88E9-ADF0C9D4EB9C}.Debug|x64.Build.0 = Debug|x64
		{833C50C4-29EB-4C8A-88E9-ADF0C9D4EB9C}.Debug|x86.ActiveCfg = Debug|Win32
		{833C50C4-29EB-4C8A-88E9-ADF0C9D4EB9C}.Debug|x86.Build.0 = Debug|Win32
		{833C50C4-29EB-4C8A-88E9-ADF0C9D4EB9C}.Release|x64.ActiveCfg = Release|x64
		{833C50C4-29EB-4C8A-88E9-ADF0C9D4EB9C}.Release|x64.Build.0 = Release|x64
		{833C50C4-29EB-4C8A-88E9-ADF0C9D4EB9C}.Release|x86.ActiveCfg = Release|Win32
		{833C50C4-29EB-4C8A-88E9-ADF0C9D4EB9C}.Release|x86.Build.0 = Release|Win32
		{B89779D1-3E75-4B71-9AC9-70E4DBD3B76E}.Debug|x64.ActiveCfg = Debug|x64
		{B89779D1-3E75-4B71-9AC9-70E4DBD3B76E}.Debug|x64.Build.0 = Debug|x64
		{B89779D1-3E75-4B71-9AC9-70E4DBD3B76E}.Debug|x86.ActiveCfg = Debug|Win32
		{B89779D1-3E75-4B71-9AC9-70E4DBD3B76E}.Debug|x86.Build.0 = Debug|Win32
		{B89779D1-3E75-4B71-9AC9-70E4DBD3B76E}.Release|x64.ActiveCfg = Release|x64
		{B89779D1-3E75-4B71-9AC9-70E4DBD3B76E}.Release|x64.Build.0 = Release|x64
		{B89779D1-3E75-4B71-9AC9-70E4DBD3B76E}.Release|x86.ActiveCfg = Release|Win32
		{B89779D1-3E75-4B71-9AC9-70E4DBD3B76E}.Release|x86.Build.0 = Release|Win32
		{D5FBEF47-C0D8-4130-9CDE-F99D7F0190B9}.Debug|x64.ActiveCfg = Debug|x64
		{D5FBEF47-C0D8-4130-9CDE-F99D7F0190B9}.Debug|x64.Build.0 = Debug|x64
		{D5FBEF47-C0D8-4130-9CDE-F99D7F0190B9}.Debug|x86.ActiveCfg = Debug|Win32
		{D5FBEF47-C0D8-4130-9CDE-F99D7F0190B9}.Debug|x86.Build.0 = Debug|Win32
		{D5FBEF47-C0D8-4130-9CDE-F99D7F0190B9}.Release|x64.ActiveCfg = Release|x64
		{D5FBEF47-C0D8-4130-9CDE-F99D7F0190B9}.Release|x64.Build.0 = Release|x64
		{D5FBEF47-C0D8-4130-9CDE-F99D7F0190B9}.Release|x86.ActiveCfg = Release|Win32
		{D5FBEF47-C0D8-4130-9CDE-F99D7F0190B9}.Release|x86.Build.0 = Release|Win32
		{A45D5D04-D483-47B6-85E3-FA185E83A9E9}.Debug|x64.ActiveCfg = Debug|x64
		{A45D5D04-D483-47B6-85E3-FA185E83A9E9}.Debug|x64.Build.0 = Debug|x64
		{A45D5D04-D483-47B6-85E3-FA185E83A9E9}.Debug|x86.ActiveCfg = Debug|Win32
		{A45D5D04-D483-47B6-85E3-FA185E83A9E9}.Debug|x86.Build.0 = Debug|Win32
		{A45D5D04-D483-47B6-85E3-FA185E83A9E9}.Release|x64.ActiveCfg = Release|x64
		{A45D5D04-D483-47B6-85E3-FA185E83A9E9}.Release|x64.Build.0 = Release|x64
		{A45D5D04-D483-47B6-85E3-FA185E83A9E9}.Release|x86.ActiveCfg = Release|Win32
		{A45D5D04-D483-47B6-85E3-FA185E83A9E9}.Release|x86.Build.0 = Release|Win32
		{0B942DDE-73B5-4DAD-AD6B-7E0E66B4004E}.Debug|x64.ActiveCfg = Debug|x64
		{0B942DDE-73B5-4DAD-AD6B-7E0E66B4004E}.Debug|x64.Build.0 = Debug|x64
		{0B942DDE-73B5-4DAD-AD6B-7E0E66B4004E}.Debug|x86.ActiveCfg = Debug|Win32
		{0B942DDE-73B5-4DAD-AD6B-7E0E66B4004E}.Debug|x86.Build.0 = Debug|Win32
		{0B942DDE-73B5-4DAD-AD6B-7E0E66B4004E}.Release|x64.ActiveCfg = Release|x64
		{0B942DDE-73B5-4DAD-AD6B-7E0E66B4004E}.Release|x64.Build.0 = Release|x64
		{0B942DDE-73B5-4DAD-AD6B-7E0E66B4004E}.Release|x86.ActiveCfg = Release|Win32
		{0B942DDE-73B5-4DAD-AD6B-7E0E66B4004E}.Release|x86.Build.0 = Release|Win32
		{76244557-B410-47FB-B6E2-B4552FD4FDE8}.Debug|x64.ActiveCfg = Debug|x64
		{76244557-B410-47FB-B6E2-B4552FD4FDE8}.Debug|x64.Build.0 = Debug|x64
		{76244557-B410-47FB-B6E2-B4552FD4FDE8}.Debug|x86.ActiveCfg = Debug|Win32
		{76244557-B410-47FB-B6E2-B4552FD4FDE8}.Debug|x86.Build.0 = Debug|Win32
		{76244557-B410-47FB-B6E2-B4552FD4FDE8}.Release|x64.ActiveCfg = Release|x64
		{76244557-B410-47FB-B6E2-B4552FD4FDE8}.Release|x64.Build.0 = Release|x64
		{76244557-B410-47FB-B6E2-B4552FD4FDE8}.Release|x86.ActiveCfg = Release|Win32
		{76244557-B410-47FB-B6E2-B4552FD4FDE8}.Release|x86.Build.0 = Release|Win32
		{EBD6B966-86FB-4FB7-B09B-6C21A5A11D9A}.Debug|x64.ActiveCfg = Debug|x64
		{EBD6B966-86FB-4FB7-B09B-6C21A5A11D9A}.Debug|x64.Build.0 = Debug|x64
		{EBD6B966-86FB-4FB7-B09B-6C21A5A11D9A}.Debug|x86.ActiveCfg = Debug|Win32
		{EBD6B966-86FB-4FB7-B09B-6C21A5A11D9A}.Debug|x86.Build.0 = Debug|Win32
		{EBD6B966-86FB-4FB7-B09B-6C21A5A11D9A}.Release|x64.ActiveCfg = Release|x64
		{EBD6B966-86FB-4FB7-B09B-6C21A5A11D9A}.Release|x64.Build.0 = Release|x64
		{EBD6B966-86FB-4FB7-B09B-6C21A5A11D9A}.Release|x86.ActiveCfg = Release|Win32
		{EBD6B966-86FB-4FB7-B09B-6C21A5A11D9A}.Release|x86.Build.0 = Release|Win32
		{90E1B23C-17D4-441C-AFAD-6F4CB7515630}.Debug|x64.ActiveCfg = Debug|x64
		{90E1B23C-17D4-441C-AFAD-6F4CB7515630}.Debug|x64.Build.0 = Debug|x64
		{90E1B23C-17D4-441C-AFAD-6F4CB7515630}.Debug|x86.ActiveCfg = Debug|Win32
		{90E1B23C-17D4-441C-AFAD-6F4CB7515630}.Debug|x86.Build.0 = Debug|Win32
		{90E1B23C-17D4-441C-AFAD-6F4CB7515630}.Release|x64.ActiveCfg = Release|x64
		{90E1B23C-17D4-441C-AFAD-6F4CB7515630}.Release|x64.Build.0 = Release|x64
		{90E1B23C-17D4-441C-AFAD-6F4CB7515630}.Release|x86.ActiveCfg = Release|Win32
		{90E1B23C-17D4-441C-AFAD-6F4CB7515630}.Release|x86.Build.0 = Release|Win32
		{DEEAFEFC-8240-4B3F-8DB3-5EF671E95AAE}.Debug|x64.ActiveCfg = Debug|x64
		{DEEAFEFC-8240-4B3F-8DB3-5EF671E95AAE}.Debug|x64.Build.0 = Debug|x64
		{DEEAFEFC-8240-4B3F-8DB3-5EF671E95AAE}.Debug|x86.ActiveCfg = Debug|Win32
		{DEEAFEFC-8240-4B3F-8DB3-5EF671E95AAE}.Debug|x86.Build.0 = Debug|Win32
		{DEEAFEFC-8240-4B3F-8DB3-5EF671E95AAE}.Release|x64.ActiveCfg = Release|x64
		{DEEAFEFC-8240-4B3F-8DB3-5EF671E95AAE}.Release|x64.Build.0 = Release|x64
		{DEEAFEFC-8240-4B3F-8DB3-5EF671E95AAE}.Release|x86.ActiveCfg = Release|Win32
		{DEEAFEFC-8240-4B3F-8DB3-5EF671E95AAE}.Release|x86.Build.0 = Release|Win32
		{7139ED66-E93B-426A-9556-55BC4AA6DB17}.Debug|x64.ActiveCfg = Debug|x64
		{7139ED66-E93B-426A-9556-55BC4AA6DB17}.Debug|x64.Build.0 = Debug|x64
		{7139ED66-E93B-426A-9556-55BC4AA6DB17}.Debug|x86.ActiveCfg = Debug|Win32
		{7139ED66-E93B-426A-9556-55BC4AA6DB17}.Debug|x86.Build.0 = Debug|Win32
		{7139ED66-E93B-426A-9556-55BC4AA6DB17}.Release|x64.ActiveCfg = Release|x64
		{7139ED66-E93B-426A-9556-55BC4AA6DB17}.Release|x64.Build.0 = Release|x64
		{7139ED66-E93B-426A-9556-55BC4AA6DB17}.Release|x86.ActiveCfg = Release|Win32
		{7139ED66-E93B-426A-9556-55BC4AA6DB17}.Release|x86.Build.0 = Release|Win32
		{B15C028A-3F25-48F2-832D-420E5130E383}.Debug|x64.ActiveCfg = Debug|x64
		{B15C028A-3F25-48F2-832D-420E5130E383}.Debug|x64.Build.0 = Debug|x64
		{B15C028A-3F25-48F2-832D-420E5130E383}.Debug|x86.ActiveCfg = Debug|Win32
		{B15C028A-3F25-48F2-832D-420E5130E383}.Debug|x86.Build.0 = Debug|Win32
		{B15C028A-3F25-48F2-832D-420E5130E383}.Release|x64.ActiveCfg = Release|x64
		{B15C028A-3F25-48F2-832D-420E5130E383}.Release|x64.Build.0 = Release|x64
		{B15C028A-3F25-48F2-832D-420E5130E383}.Release|x86.ActiveCfg = Release|Win32
		{B15C028A-3F25-48F2-832D-420E5130E383}.Release|x86.Build.0 = Release|Win32
	EndGlobalSection
	GlobalSection(SolutionProperties) = preSolution
		HideSolutionNode = FALSE
	EndGlobalSection
	GlobalSection(ExtensibilityGlobals) = postSolution
		SolutionGuid = {60D1C07A-E2EB-47E6-8982-9A63CEACC9D9}
	EndGlobalSection
EndGlobal
