
Microsoft Visual Studio Solution File, Format Version 12.00
# Visual Studio Version 17
VisualStudioVersion = 17.13.35828.75
MinimumVisualStudioVersion = 10.0.40219.1
Project("{8BC9CEB8-8B4A-11D0-8D11-00A0C91BC942}") = "邻接矩阵存储结构", "Graph\Graph.vcxproj", "{829A9B9C-01CF-4687-BD71-E434899459A4}"
EndProject
Project("{8BC9CEB8-8B4A-11D0-8D11-00A0C91BC942}") = "邻接表存储结构", "Project1\Project1.vcxproj", "{7328BC62-951A-4789-AB1D-12DD5BF068D2}"
EndProject
Project("{8BC9CEB8-8B4A-11D0-8D11-00A0C91BC942}") = "DFS--深度优先遍历", "Project2\Project2.vcxproj", "{1936D73C-51FF-4B65-86E8-BAB8DD8FEE48}"
EndProject
Project("{8BC9CEB8-8B4A-11D0-8D11-00A0C91BC942}") = "BFS--广度优先遍历", "Project3\Project3.vcxproj", "{09C2A887-5BC4-4963-A7D1-1ABDFCAB80B6}"
EndProject
Project("{8BC9CEB8-8B4A-11D0-8D11-00A0C91BC942}") = "最短路径--Dijkstra算法", "Project4\Project4.vcxproj", "{E4304901-0BFF-4E41-9EB3-B1C704386A03}"
EndProject
Project("{8BC9CEB8-8B4A-11D0-8D11-00A0C91BC942}") = "最小生成树--Prim算法", "Project5\Project5.vcxproj", "{E0FC21FC-A4EC-4AA8-B015-4EC9BCF4B8EC}"
EndProject
Project("{8BC9CEB8-8B4A-11D0-8D11-00A0C91BC942}") = "拓扑排序", "Project6\Project6.vcxproj", "{4C898593-DB0A-4055-A6F0-709B15AAA76A}"
EndProject
Project("{8BC9CEB8-8B4A-11D0-8D11-00A0C91BC942}") = "homework1", "homework1\homework1.vcxproj", "{1F28A466-F208-4CD2-878E-0BA262E56804}"
EndProject
Project("{8BC9CEB8-8B4A-11D0-8D11-00A0C91BC942}") = "homework2", "homework2\homework2.vcxproj", "{D5E8C925-78A2-43C8-A89B-48055AFB69FB}"
EndProject
Project("{8BC9CEB8-8B4A-11D0-8D11-00A0C91BC942}") = "homework3", "homework3\homework3.vcxproj", "{B6373AC9-E660-40E4-8886-7B1316BE8488}"
EndProject
Project("{8BC9CEB8-8B4A-11D0-8D11-00A0C91BC942}") = "最短路径--Floyd算法", "最短路径--Floyd算法\最短路径--Floyd算法.vcxproj", "{4C49C677-2447-4234-B580-C7B80330490C}"
EndProject
Project("{8BC9CEB8-8B4A-11D0-8D11-00A0C91BC942}") = "最小生成树--Kruskal算法", "最小生成树--Kruskal算法\最小生成树--Kruskal算法.vcxproj", "{388E567D-CD1F-4CAF-81B6-61D512A471FA}"
EndProject
Project("{8BC9CEB8-8B4A-11D0-8D11-00A0C91BC942}") = "关键路径--AOE网", "关键路径--AOE网\关键路径--AOE网.vcxproj", "{80539AEC-467D-4DD4-9E11-41C81C4F3D88}"
EndProject
Project("{8BC9CEB8-8B4A-11D0-8D11-00A0C91BC942}") = "Attempt", "Attempt\Attempt.vcxproj", "{86CA25E4-3FC6-4BD2-8315-CE52C3F6FABF}"
EndProject
Global
	GlobalSection(SolutionConfigurationPlatforms) = preSolution
		Debug|x64 = Debug|x64
		Debug|x86 = Debug|x86
		Release|x64 = Release|x64
		Release|x86 = Release|x86
	EndGlobalSection
	GlobalSection(ProjectConfigurationPlatforms) = postSolution
		{829A9B9C-01CF-4687-BD71-E434899459A4}.Debug|x64.ActiveCfg = Debug|x64
		{829A9B9C-01CF-4687-BD71-E434899459A4}.Debug|x64.Build.0 = Debug|x64
		{829A9B9C-01CF-4687-BD71-E434899459A4}.Debug|x86.ActiveCfg = Debug|Win32
		{829A9B9C-01CF-4687-BD71-E434899459A4}.Debug|x86.Build.0 = Debug|Win32
		{829A9B9C-01CF-4687-BD71-E434899459A4}.Release|x64.ActiveCfg = Release|x64
		{829A9B9C-01CF-4687-BD71-E434899459A4}.Release|x64.Build.0 = Release|x64
		{829A9B9C-01CF-4687-BD71-E434899459A4}.Release|x86.ActiveCfg = Release|Win32
		{829A9B9C-01CF-4687-BD71-E434899459A4}.Release|x86.Build.0 = Release|Win32
		{7328BC62-951A-4789-AB1D-12DD5BF068D2}.Debug|x64.ActiveCfg = Debug|x64
		{7328BC62-951A-4789-AB1D-12DD5BF068D2}.Debug|x64.Build.0 = Debug|x64
		{7328BC62-951A-4789-AB1D-12DD5BF068D2}.Debug|x86.ActiveCfg = Debug|Win32
		{7328BC62-951A-4789-AB1D-12DD5BF068D2}.Debug|x86.Build.0 = Debug|Win32
		{7328BC62-951A-4789-AB1D-12DD5BF068D2}.Release|x64.ActiveCfg = Release|x64
		{7328BC62-951A-4789-AB1D-12DD5BF068D2}.Release|x64.Build.0 = Release|x64
		{7328BC62-951A-4789-AB1D-12DD5BF068D2}.Release|x86.ActiveCfg = Release|Win32
		{7328BC62-951A-4789-AB1D-12DD5BF068D2}.Release|x86.Build.0 = Release|Win32
		{1936D73C-51FF-4B65-86E8-BAB8DD8FEE48}.Debug|x64.ActiveCfg = Debug|x64
		{1936D73C-51FF-4B65-86E8-BAB8DD8FEE48}.Debug|x64.Build.0 = Debug|x64
		{1936D73C-51FF-4B65-86E8-BAB8DD8FEE48}.Debug|x86.ActiveCfg = Debug|Win32
		{1936D73C-51FF-4B65-86E8-BAB8DD8FEE48}.Debug|x86.Build.0 = Debug|Win32
		{1936D73C-51FF-4B65-86E8-BAB8DD8FEE48}.Release|x64.ActiveCfg = Release|x64
		{1936D73C-51FF-4B65-86E8-BAB8DD8FEE48}.Release|x64.Build.0 = Release|x64
		{1936D73C-51FF-4B65-86E8-BAB8DD8FEE48}.Release|x86.ActiveCfg = Release|Win32
		{1936D73C-51FF-4B65-86E8-BAB8DD8FEE48}.Release|x86.Build.0 = Release|Win32
		{09C2A887-5BC4-4963-A7D1-1ABDFCAB80B6}.Debug|x64.ActiveCfg = Debug|x64
		{09C2A887-5BC4-4963-A7D1-1ABDFCAB80B6}.Debug|x64.Build.0 = Debug|x64
		{09C2A887-5BC4-4963-A7D1-1ABDFCAB80B6}.Debug|x86.ActiveCfg = Debug|Win32
		{09C2A887-5BC4-4963-A7D1-1ABDFCAB80B6}.Debug|x86.Build.0 = Debug|Win32
		{09C2A887-5BC4-4963-A7D1-1ABDFCAB80B6}.Release|x64.ActiveCfg = Release|x64
		{09C2A887-5BC4-4963-A7D1-1ABDFCAB80B6}.Release|x64.Build.0 = Release|x64
		{09C2A887-5BC4-4963-A7D1-1ABDFCAB80B6}.Release|x86.ActiveCfg = Release|Win32
		{09C2A887-5BC4-4963-A7D1-1ABDFCAB80B6}.Release|x86.Build.0 = Release|Win32
		{E4304901-0BFF-4E41-9EB3-B1C704386A03}.Debug|x64.ActiveCfg = Debug|x64
		{E4304901-0BFF-4E41-9EB3-B1C704386A03}.Debug|x64.Build.0 = Debug|x64
		{E4304901-0BFF-4E41-9EB3-B1C704386A03}.Debug|x86.ActiveCfg = Debug|Win32
		{E4304901-0BFF-4E41-9EB3-B1C704386A03}.Debug|x86.Build.0 = Debug|Win32
		{E4304901-0BFF-4E41-9EB3-B1C704386A03}.Release|x64.ActiveCfg = Release|x64
		{E4304901-0BFF-4E41-9EB3-B1C704386A03}.Release|x64.Build.0 = Release|x64
		{E4304901-0BFF-4E41-9EB3-B1C704386A03}.Release|x86.ActiveCfg = Release|Win32
		{E4304901-0BFF-4E41-9EB3-B1C704386A03}.Release|x86.Build.0 = Release|Win32
		{E0FC21FC-A4EC-4AA8-B015-4EC9BCF4B8EC}.Debug|x64.ActiveCfg = Debug|x64
		{E0FC21FC-A4EC-4AA8-B015-4EC9BCF4B8EC}.Debug|x64.Build.0 = Debug|x64
		{E0FC21FC-A4EC-4AA8-B015-4EC9BCF4B8EC}.Debug|x86.ActiveCfg = Debug|Win32
		{E0FC21FC-A4EC-4AA8-B015-4EC9BCF4B8EC}.Debug|x86.Build.0 = Debug|Win32
		{E0FC21FC-A4EC-4AA8-B015-4EC9BCF4B8EC}.Release|x64.ActiveCfg = Release|x64
		{E0FC21FC-A4EC-4AA8-B015-4EC9BCF4B8EC}.Release|x64.Build.0 = Release|x64
		{E0FC21FC-A4EC-4AA8-B015-4EC9BCF4B8EC}.Release|x86.ActiveCfg = Release|Win32
		{E0FC21FC-A4EC-4AA8-B015-4EC9BCF4B8EC}.Release|x86.Build.0 = Release|Win32
		{4C898593-DB0A-4055-A6F0-709B15AAA76A}.Debug|x64.ActiveCfg = Debug|x64
		{4C898593-DB0A-4055-A6F0-709B15AAA76A}.Debug|x64.Build.0 = Debug|x64
		{4C898593-DB0A-4055-A6F0-709B15AAA76A}.Debug|x86.ActiveCfg = Debug|Win32
		{4C898593-DB0A-4055-A6F0-709B15AAA76A}.Debug|x86.Build.0 = Debug|Win32
		{4C898593-DB0A-4055-A6F0-709B15AAA76A}.Release|x64.ActiveCfg = Release|x64
		{4C898593-DB0A-4055-A6F0-709B15AAA76A}.Release|x64.Build.0 = Release|x64
		{4C898593-DB0A-4055-A6F0-709B15AAA76A}.Release|x86.ActiveCfg = Release|Win32
		{4C898593-DB0A-4055-A6F0-709B15AAA76A}.Release|x86.Build.0 = Release|Win32
		{1F28A466-F208-4CD2-878E-0BA262E56804}.Debug|x64.ActiveCfg = Debug|x64
		{1F28A466-F208-4CD2-878E-0BA262E56804}.Debug|x64.Build.0 = Debug|x64
		{1F28A466-F208-4CD2-878E-0BA262E56804}.Debug|x86.ActiveCfg = Debug|Win32
		{1F28A466-F208-4CD2-878E-0BA262E56804}.Debug|x86.Build.0 = Debug|Win32
		{1F28A466-F208-4CD2-878E-0BA262E56804}.Release|x64.ActiveCfg = Release|x64
		{1F28A466-F208-4CD2-878E-0BA262E56804}.Release|x64.Build.0 = Release|x64
		{1F28A466-F208-4CD2-878E-0BA262E56804}.Release|x86.ActiveCfg = Release|Win32
		{1F28A466-F208-4CD2-878E-0BA262E56804}.Release|x86.Build.0 = Release|Win32
		{D5E8C925-78A2-43C8-A89B-48055AFB69FB}.Debug|x64.ActiveCfg = Debug|x64
		{D5E8C925-78A2-43C8-A89B-48055AFB69FB}.Debug|x64.Build.0 = Debug|x64
		{D5E8C925-78A2-43C8-A89B-48055AFB69FB}.Debug|x86.ActiveCfg = Debug|Win32
		{D5E8C925-78A2-43C8-A89B-48055AFB69FB}.Debug|x86.Build.0 = Debug|Win32
		{D5E8C925-78A2-43C8-A89B-48055AFB69FB}.Release|x64.ActiveCfg = Release|x64
		{D5E8C925-78A2-43C8-A89B-48055AFB69FB}.Release|x64.Build.0 = Release|x64
		{D5E8C925-78A2-43C8-A89B-48055AFB69FB}.Release|x86.ActiveCfg = Release|Win32
		{D5E8C925-78A2-43C8-A89B-48055AFB69FB}.Release|x86.Build.0 = Release|Win32
		{B6373AC9-E660-40E4-8886-7B1316BE8488}.Debug|x64.ActiveCfg = Debug|x64
		{B6373AC9-E660-40E4-8886-7B1316BE8488}.Debug|x64.Build.0 = Debug|x64
		{B6373AC9-E660-40E4-8886-7B1316BE8488}.Debug|x86.ActiveCfg = Debug|Win32
		{B6373AC9-E660-40E4-8886-7B1316BE8488}.Debug|x86.Build.0 = Debug|Win32
		{B6373AC9-E660-40E4-8886-7B1316BE8488}.Release|x64.ActiveCfg = Release|x64
		{B6373AC9-E660-40E4-8886-7B1316BE8488}.Release|x64.Build.0 = Release|x64
		{B6373AC9-E660-40E4-8886-7B1316BE8488}.Release|x86.ActiveCfg = Release|Win32
		{B6373AC9-E660-40E4-8886-7B1316BE8488}.Release|x86.Build.0 = Release|Win32
		{4C49C677-2447-4234-B580-C7B80330490C}.Debug|x64.ActiveCfg = Debug|x64
		{4C49C677-2447-4234-B580-C7B80330490C}.Debug|x64.Build.0 = Debug|x64
		{4C49C677-2447-4234-B580-C7B80330490C}.Debug|x86.ActiveCfg = Debug|Win32
		{4C49C677-2447-4234-B580-C7B80330490C}.Debug|x86.Build.0 = Debug|Win32
		{4C49C677-2447-4234-B580-C7B80330490C}.Release|x64.ActiveCfg = Release|x64
		{4C49C677-2447-4234-B580-C7B80330490C}.Release|x64.Build.0 = Release|x64
		{4C49C677-2447-4234-B580-C7B80330490C}.Release|x86.ActiveCfg = Release|Win32
		{4C49C677-2447-4234-B580-C7B80330490C}.Release|x86.Build.0 = Release|Win32
		{388E567D-CD1F-4CAF-81B6-61D512A471FA}.Debug|x64.ActiveCfg = Debug|x64
		{388E567D-CD1F-4CAF-81B6-61D512A471FA}.Debug|x64.Build.0 = Debug|x64
		{388E567D-CD1F-4CAF-81B6-61D512A471FA}.Debug|x86.ActiveCfg = Debug|Win32
		{388E567D-CD1F-4CAF-81B6-61D512A471FA}.Debug|x86.Build.0 = Debug|Win32
		{388E567D-CD1F-4CAF-81B6-61D512A471FA}.Release|x64.ActiveCfg = Release|x64
		{388E567D-CD1F-4CAF-81B6-61D512A471FA}.Release|x64.Build.0 = Release|x64
		{388E567D-CD1F-4CAF-81B6-61D512A471FA}.Release|x86.ActiveCfg = Release|Win32
		{388E567D-CD1F-4CAF-81B6-61D512A471FA}.Release|x86.Build.0 = Release|Win32
		{80539AEC-467D-4DD4-9E11-41C81C4F3D88}.Debug|x64.ActiveCfg = Debug|x64
		{80539AEC-467D-4DD4-9E11-41C81C4F3D88}.Debug|x64.Build.0 = Debug|x64
		{80539AEC-467D-4DD4-9E11-41C81C4F3D88}.Debug|x86.ActiveCfg = Debug|Win32
		{80539AEC-467D-4DD4-9E11-41C81C4F3D88}.Debug|x86.Build.0 = Debug|Win32
		{80539AEC-467D-4DD4-9E11-41C81C4F3D88}.Release|x64.ActiveCfg = Release|x64
		{80539AEC-467D-4DD4-9E11-41C81C4F3D88}.Release|x64.Build.0 = Release|x64
		{80539AEC-467D-4DD4-9E11-41C81C4F3D88}.Release|x86.ActiveCfg = Release|Win32
		{80539AEC-467D-4DD4-9E11-41C81C4F3D88}.Release|x86.Build.0 = Release|Win32
		{86CA25E4-3FC6-4BD2-8315-CE52C3F6FABF}.Debug|x64.ActiveCfg = Debug|x64
		{86CA25E4-3FC6-4BD2-8315-CE52C3F6FABF}.Debug|x64.Build.0 = Debug|x64
		{86CA25E4-3FC6-4BD2-8315-CE52C3F6FABF}.Debug|x86.ActiveCfg = Debug|Win32
		{86CA25E4-3FC6-4BD2-8315-CE52C3F6FABF}.Debug|x86.Build.0 = Debug|Win32
		{86CA25E4-3FC6-4BD2-8315-CE52C3F6FABF}.Release|x64.ActiveCfg = Release|x64
		{86CA25E4-3FC6-4BD2-8315-CE52C3F6FABF}.Release|x64.Build.0 = Release|x64
		{86CA25E4-3FC6-4BD2-8315-CE52C3F6FABF}.Release|x86.ActiveCfg = Release|Win32
		{86CA25E4-3FC6-4BD2-8315-CE52C3F6FABF}.Release|x86.Build.0 = Release|Win32
	EndGlobalSection
	GlobalSection(SolutionProperties) = preSolution
		HideSolutionNode = FALSE
	EndGlobalSection
	GlobalSection(ExtensibilityGlobals) = postSolution
		SolutionGuid = {3DCC548A-D59D-47E2-B924-A9715B0069E4}
	EndGlobalSection
EndGlobal
